
Microsoft Visual Studio Solution File, Format Version 12.00
# Visual Studio Version 17
VisualStudioVersion = 17.4.33205.214
MinimumVisualStudioVersion = 10.0.40219.1
Project("{9A19103F-16F7-4668-BE54-9A1E7A4F7556}") = "Desafio.Ca.Crud.Api", "Desafio.Ca.Crud.Api\Desafio.Ca.Crud.Api.csproj", "{DE428562-9204-44F1-8B41-16807641B375}"
EndProject
Project("{2150E333-8FDC-42A3-9474-1A3956D46DE8}") = "1 - AppService", "1 - AppService", "{ACA26A9E-6BE2-4AA2-BC3D-016CEC4FAC06}"
EndProject
Project("{2150E333-8FDC-42A3-9474-1A3956D46DE8}") = "2-Application", "2-Application", "{C959479D-5280-42C0-93DD-70655E25622B}"
EndProject
Project("{2150E333-8FDC-42A3-9474-1A3956D46DE8}") = "3-Domain", "3-Domain", "{B1F0831A-DED8-4FE8-8E76-8BE5D38F0B23}"
EndProject
Project("{2150E333-8FDC-42A3-9474-1A3956D46DE8}") = "4-Infra", "4-Infra", "{F6FB6C68-6A4D-4D35-ACC5-D5A526439446}"
EndProject
Project("{2150E333-8FDC-42A3-9474-1A3956D46DE8}") = "5-Tests", "5-Tests", "{3F7B4752-89A5-444C-8E85-C5BCDE0E015A}"
EndProject
Project("{9A19103F-16F7-4668-BE54-9A1E7A4F7556}") = "Desafio.Ca.Crud.Application", "Desafio.Ca.Crud.Application\Desafio.Ca.Crud.Application.csproj", "{61F4F368-F91D-4E2D-A55D-563BFD8E2A5A}"
EndProject
Project("{9A19103F-16F7-4668-BE54-9A1E7A4F7556}") = "Desafio.Ca.Crud.Domain", "Desafio.Ca.Crud.Domain\Desafio.Ca.Crud.Domain.csproj", "{8E884FBE-3354-4927-BD05-A3E072EC8DEA}"
EndProject
Project("{2150E333-8FDC-42A3-9474-1A3956D46DE8}") = "5.1 Api.Test", "5.1 Api.Test", "{2458BDC0-8E3C-46BF-9442-0EF82912E935}"
EndProject
Project("{2150E333-8FDC-42A3-9474-1A3956D46DE8}") = "4.1 - CrossCutting", "4.1 - CrossCutting", "{082E10F4-1B5C-4658-A413-8002C8C65D3E}"
EndProject
Project("{2150E333-8FDC-42A3-9474-1A3956D46DE8}") = "4.2 - DataBase", "4.2 - DataBase", "{5DDE9704-709B-44E9-8DC0-EE0E93B2866B}"
EndProject
Project("{FAE04EC0-301F-11D3-BF4B-00C04F79EFBC}") = "Desafio.Ca.Crud.Infra.CrossCutting", "Desafio.Ca.Crud.Infra.CrossCutting\Desafio.Ca.Crud.Infra.CrossCutting.csproj", "{987BA6AB-67E3-45F6-9381-80AAB12E29DB}"
EndProject
Project("{FAE04EC0-301F-11D3-BF4B-00C04F79EFBC}") = "Desafio.Ca.Crud.Infra.DataBase", "Desafio.Ca.Crud.Infra.DataBase\Desafio.Ca.Crud.Infra.DataBase.csproj", "{4E0F0F79-F1BF-4468-8206-FB2BC9159DAB}"
EndProject
Project("{FAE04EC0-301F-11D3-BF4B-00C04F79EFBC}") = "Desafio.Ca.Crud.Api.Test", "tests\Desafio.Ca.Crud.Api.Test\Desafio.Ca.Crud.Api.Test.csproj", "{AE149030-F79B-4AE0-AEE1-71D3A8BFD613}"
EndProject
Global
	GlobalSection(SolutionConfigurationPlatforms) = preSolution
		Debug|Any CPU = Debug|Any CPU
		Release|Any CPU = Release|Any CPU
	EndGlobalSection
	GlobalSection(ProjectConfigurationPlatforms) = postSolution
		{DE428562-9204-44F1-8B41-16807641B375}.Debug|Any CPU.ActiveCfg = Debug|Any CPU
		{DE428562-9204-44F1-8B41-16807641B375}.Debug|Any CPU.Build.0 = Debug|Any CPU
		{DE428562-9204-44F1-8B41-16807641B375}.Release|Any CPU.ActiveCfg = Release|Any CPU
		{DE428562-9204-44F1-8B41-16807641B375}.Release|Any CPU.Build.0 = Release|Any CPU
		{61F4F368-F91D-4E2D-A55D-563BFD8E2A5A}.Debug|Any CPU.ActiveCfg = Debug|Any CPU
		{61F4F368-F91D-4E2D-A55D-563BFD8E2A5A}.Debug|Any CPU.Build.0 = Debug|Any CPU
		{61F4F368-F91D-4E2D-A55D-563BFD8E2A5A}.Release|Any CPU.ActiveCfg = Release|Any CPU
		{61F4F368-F91D-4E2D-A55D-563BFD8E2A5A}.Release|Any CPU.Build.0 = Release|Any CPU
		{8E884FBE-3354-4927-BD05-A3E072EC8DEA}.Debug|Any CPU.ActiveCfg = Debug|Any CPU
		{8E884FBE-3354-4927-BD05-A3E072EC8DEA}.Debug|Any CPU.Build.0 = Debug|Any CPU
		{8E884FBE-3354-4927-BD05-A3E072EC8DEA}.Release|Any CPU.ActiveCfg = Release|Any CPU
		{8E884FBE-3354-4927-BD05-A3E072EC8DEA}.Release|Any CPU.Build.0 = Release|Any CPU
		{987BA6AB-67E3-45F6-9381-80AAB12E29DB}.Debug|Any CPU.ActiveCfg = Debug|Any CPU
		{987BA6AB-67E3-45F6-9381-80AAB12E29DB}.Debug|Any CPU.Build.0 = Debug|Any CPU
		{987BA6AB-67E3-45F6-9381-80AAB12E29DB}.Release|Any CPU.ActiveCfg = Release|Any CPU
		{987BA6AB-67E3-45F6-9381-80AAB12E29DB}.Release|Any CPU.Build.0 = Release|Any CPU
		{4E0F0F79-F1BF-4468-8206-FB2BC9159DAB}.Debug|Any CPU.ActiveCfg = Debug|Any CPU
		{4E0F0F79-F1BF-4468-8206-FB2BC9159DAB}.Debug|Any CPU.Build.0 = Debug|Any CPU
		{4E0F0F79-F1BF-4468-8206-FB2BC9159DAB}.Release|Any CPU.ActiveCfg = Release|Any CPU
		{4E0F0F79-F1BF-4468-8206-FB2BC9159DAB}.Release|Any CPU.Build.0 = Release|Any CPU
		{AE149030-F79B-4AE0-AEE1-71D3A8BFD613}.Debug|Any CPU.ActiveCfg = Debug|Any CPU
		{AE149030-F79B-4AE0-AEE1-71D3A8BFD613}.Debug|Any CPU.Build.0 = Debug|Any CPU
		{AE149030-F79B-4AE0-AEE1-71D3A8BFD613}.Release|Any CPU.ActiveCfg = Release|Any CPU
		{AE149030-F79B-4AE0-AEE1-71D3A8BFD613}.Release|Any CPU.Build.0 = Release|Any CPU
	EndGlobalSection
	GlobalSection(SolutionProperties) = preSolution
		HideSolutionNode = FALSE
	EndGlobalSection
	GlobalSection(NestedProjects) = preSolution
		{DE428562-9204-44F1-8B41-16807641B375} = {ACA26A9E-6BE2-4AA2-BC3D-016CEC4FAC06}
		{61F4F368-F91D-4E2D-A55D-563BFD8E2A5A} = {C959479D-5280-42C0-93DD-70655E25622B}
		{8E884FBE-3354-4927-BD05-A3E072EC8DEA} = {B1F0831A-DED8-4FE8-8E76-8BE5D38F0B23}
		{2458BDC0-8E3C-46BF-9442-0EF82912E935} = {3F7B4752-89A5-444C-8E85-C5BCDE0E015A}
		{082E10F4-1B5C-4658-A413-8002C8C65D3E} = {F6FB6C68-6A4D-4D35-ACC5-D5A526439446}
		{5DDE9704-709B-44E9-8DC0-EE0E93B2866B} = {F6FB6C68-6A4D-4D35-ACC5-D5A526439446}
		{987BA6AB-67E3-45F6-9381-80AAB12E29DB} = {082E10F4-1B5C-4658-A413-8002C8C65D3E}
		{4E0F0F79-F1BF-4468-8206-FB2BC9159DAB} = {5DDE9704-709B-44E9-8DC0-EE0E93B2866B}
		{AE149030-F79B-4AE0-AEE1-71D3A8BFD613} = {2458BDC0-8E3C-46BF-9442-0EF82912E935}
	EndGlobalSection
	GlobalSection(ExtensibilityGlobals) = postSolution
		SolutionGuid = {AB5B3021-7F79-4E91-8552-427A2E920359}
	EndGlobalSection
EndGlobal
